
Microsoft Visual Studio Solution File, Format Version 12.00
# Visual Studio Version 17
VisualStudioVersion = 17.3.32825.248
MinimumVisualStudioVersion = 10.0.40219.1
Project("{9A19103F-16F7-4668-BE54-9A1E7A4F7556}") = "FamicomDumper", "FamicomDumper\FamicomDumper.csproj", "{28F0CF2B-C5F2-4BDD-99C2-EC28A2D5D70B}"
EndProject
Project("{9A19103F-16F7-4668-BE54-9A1E7A4F7556}") = "FamicomDumperConnection", "FamicomDumperConnection\FamicomDumperConnection.csproj", "{BF3EA23E-72F5-4757-AC09-97313B9F8754}"
EndProject
Global
	GlobalSection(SolutionConfigurationPlatforms) = preSolution
		Debug|Any CPU = Debug|Any CPU
		Release|Any CPU = Release|Any CPU
	EndGlobalSection
	GlobalSection(ProjectConfigurationPlatforms) = postSolution
		{28F0CF2B-C5F2-4BDD-99C2-EC28A2D5D70B}.Debug|Any CPU.ActiveCfg = Debug|Any CPU
		{28F0CF2B-C5F2-4BDD-99C2-EC28A2D5D70B}.Debug|Any CPU.Build.0 = Debug|Any CPU
		{28F0CF2B-C5F2-4BDD-99C2-EC28A2D5D70B}.Release|Any CPU.ActiveCfg = Release|Any CPU
		{28F0CF2B-C5F2-4BDD-99C2-EC28A2D5D70B}.Release|Any CPU.Build.0 = Release|Any CPU
		{BF3EA23E-72F5-4757-AC09-97313B9F8754}.Debug|Any CPU.ActiveCfg = Debug|Any CPU
		{BF3EA23E-72F5-4757-AC09-97313B9F8754}.Debug|Any CPU.Build.0 = Debug|Any CPU
		{BF3EA23E-72F5-4757-AC09-97313B9F8754}.Release|Any CPU.ActiveCfg = Release|Any CPU
		{BF3EA23E-72F5-4757-AC09-97313B9F8754}.Release|Any CPU.Build.0 = Release|Any CPU
	EndGlobalSection
	GlobalSection(SolutionProperties) = preSolution
		HideSolutionNode = FALSE
	EndGlobalSection
	GlobalSection(ExtensibilityGlobals) = postSolution
		SolutionGuid = {B5FD762A-F264-4FCB-9C81-3E22D04145E6}
	EndGlobalSection
EndGlobal
