
Microsoft Visual Studio Solution File, Format Version 12.00
# Visual Studio Version 16
VisualStudioVersion = 16.0.30225.117
MinimumVisualStudioVersion = 10.0.40219.1
Project("{9A19103F-16F7-4668-BE54-9A1E7A4F7556}") = "famicom-dumper", "famicom-dumper\famicom-dumper.csproj", "{47365F24-D8B0-419C-B8EE-48AFE45956D3}"
EndProject
Global
	GlobalSection(SolutionConfigurationPlatforms) = preSolution
		Debug|Any CPU = Debug|Any CPU
		Release|Any CPU = Release|Any CPU
	EndGlobalSection
	GlobalSection(ProjectConfigurationPlatforms) = postSolution
		{47365F24-D8B0-419C-B8EE-48AFE45956D3}.Debug|Any CPU.ActiveCfg = Debug|Any CPU
		{47365F24-D8B0-419C-B8EE-48AFE45956D3}.Debug|Any CPU.Build.0 = Debug|Any CPU
		{47365F24-D8B0-419C-B8EE-48AFE45956D3}.Release|Any CPU.ActiveCfg = Release|Any CPU
		{47365F24-D8B0-419C-B8EE-48AFE45956D3}.Release|Any CPU.Build.0 = Release|Any CPU
	EndGlobalSection
	GlobalSection(SolutionProperties) = preSolution
		HideSolutionNode = FALSE
	EndGlobalSection
	GlobalSection(ExtensibilityGlobals) = postSolution
		SolutionGuid = {B5FD762A-F264-4FCB-9C81-3E22D04145E6}
	EndGlobalSection
EndGlobal
